
Microsoft Visual Studio Solution File, Format Version 12.00
# Visual Studio Version 17
VisualStudioVersion = 17.7.34024.191
MinimumVisualStudioVersion = 10.0.40219.1
Project("{9A19103F-16F7-4668-BE54-9A1E7A4F7556}") = "EcommerceApi", "EcommerceApi\EcommerceApi.csproj", "{6D5D6FB5-A637-419A-907D-E1A06C79F998}"
EndProject
Project("{2150E333-8FDC-42A3-9474-1A3956D46DE8}") = "Solution Items", "Solution Items", "{689C4BD6-9892-4CFE-90F1-6D1C032C4600}"
	ProjectSection(SolutionItems) = preProject
		.editorconfig = .editorconfig
	EndProjectSection
EndProject
Global
	GlobalSection(SolutionConfigurationPlatforms) = preSolution
		Debug|Any CPU = Debug|Any CPU
		Release|Any CPU = Release|Any CPU
	EndGlobalSection
	GlobalSection(ProjectConfigurationPlatforms) = postSolution
		{6D5D6FB5-A637-419A-907D-E1A06C79F998}.Debug|Any CPU.ActiveCfg = Debug|Any CPU
		{6D5D6FB5-A637-419A-907D-E1A06C79F998}.Debug|Any CPU.Build.0 = Debug|Any CPU
		{6D5D6FB5-A637-419A-907D-E1A06C79F998}.Release|Any CPU.ActiveCfg = Release|Any CPU
		{6D5D6FB5-A637-419A-907D-E1A06C79F998}.Release|Any CPU.Build.0 = Release|Any CPU
	EndGlobalSection
	GlobalSection(SolutionProperties) = preSolution
		HideSolutionNode = FALSE
	EndGlobalSection
	GlobalSection(ExtensibilityGlobals) = postSolution
		SolutionGuid = {73713DC2-D427-4D3B-9800-109A4DD3C1B3}
	EndGlobalSection
EndGlobal
